
Microsoft Visual Studio Solution File, Format Version 12.00
# Visual Studio Version 17
VisualStudioVersion = 17.5.33627.172
MinimumVisualStudioVersion = 10.0.40219.1
Project("{2150E333-8FDC-42A3-9474-1A3956D46DE8}") = "Frontend", "Frontend", "{6F97C519-7DE1-47CB-9895-2F30C15C2803}"
EndProject
Project("{2150E333-8FDC-42A3-9474-1A3956D46DE8}") = "Backend", "Backend", "{F58F8CE9-144A-44EE-83AA-A6BFDDB20707}"
EndProject
Project("{2150E333-8FDC-42A3-9474-1A3956D46DE8}") = "Shared", "Shared", "{61877280-3379-4EA5-BEB4-DFE701F681CA}"
EndProject
Project("{2150E333-8FDC-42A3-9474-1A3956D46DE8}") = "Web", "Web", "{228057E8-192D-4CB0-A920-8925F095008B}"
EndProject
Project("{2150E333-8FDC-42A3-9474-1A3956D46DE8}") = "Mobile", "Mobile", "{2F1D8DE3-4883-4704-8E9D-A21A37895C3C}"
EndProject
Project("{2150E333-8FDC-42A3-9474-1A3956D46DE8}") = "Desktop", "Desktop", "{B0C4B4DB-29BB-4009-BB63-4F94C6035EF7}"
EndProject
Project("{9A19103F-16F7-4668-BE54-9A1E7A4F7556}") = "gRPChat.Backend", "Backend\gRPChat.Backend\gRPChat.Backend.csproj", "{2836B0A2-A030-46C6-BAD4-BC62B2DB3F89}"
EndProject
Project("{9A19103F-16F7-4668-BE54-9A1E7A4F7556}") = "gRPChat.Web", "Frontend\Web\gRPChat.Web\gRPChat.Web.csproj", "{287836CE-C833-45CF-9ABD-599D4F0E48F8}"
EndProject
Project("{FAE04EC0-301F-11D3-BF4B-00C04F79EFBC}") = "gRPChat.Mobile.Android", "Frontend\Mobile\gRPChat.Mobile\gRPChat.Mobile.Android\gRPChat.Mobile.Android.csproj", "{9EE0F669-A0F7-46D8-8656-B9E3546000D3}"
EndProject
Project("{FAE04EC0-301F-11D3-BF4B-00C04F79EFBC}") = "gRPChat.Mobile.iOS", "Frontend\Mobile\gRPChat.Mobile\gRPChat.Mobile.iOS\gRPChat.Mobile.iOS.csproj", "{55F58F11-5BAF-4FED-8543-BF072140E8C2}"
EndProject
Project("{9A19103F-16F7-4668-BE54-9A1E7A4F7556}") = "gRPChat.Mobile", "Frontend\Mobile\gRPChat.Mobile\gRPChat.Mobile\gRPChat.Mobile.csproj", "{AA085D82-6740-41CA-99CB-0F970CF1AA0F}"
EndProject
Project("{9A19103F-16F7-4668-BE54-9A1E7A4F7556}") = "gRPChat.Desktop", "Frontend\Desktop\gRPChat.Desktop\gRPChat.Desktop.csproj", "{A97F4725-305D-46D3-8827-159E880DF3AC}"
EndProject
Project("{9A19103F-16F7-4668-BE54-9A1E7A4F7556}") = "gRPChat.Desktop.Desktop", "Frontend\Desktop\gRPChat.Desktop.Desktop\gRPChat.Desktop.Desktop.csproj", "{93F0AB26-8C3A-44F1-8799-DBC70386ED2F}"
EndProject
Project("{9A19103F-16F7-4668-BE54-9A1E7A4F7556}") = "gRPChat.Protos", "Shared\gRPChat.Protos\gRPChat.Protos\gRPChat.Protos.csproj", "{0822A62F-64D9-4DC1-913F-8CED04E9F6D6}"
EndProject
Global
	GlobalSection(SolutionConfigurationPlatforms) = preSolution
		Debug|Any CPU = Debug|Any CPU
		Debug|iPhone = Debug|iPhone
		Debug|iPhoneSimulator = Debug|iPhoneSimulator
		Release|Any CPU = Release|Any CPU
		Release|iPhone = Release|iPhone
		Release|iPhoneSimulator = Release|iPhoneSimulator
	EndGlobalSection
	GlobalSection(ProjectConfigurationPlatforms) = postSolution
		{2836B0A2-A030-46C6-BAD4-BC62B2DB3F89}.Debug|Any CPU.ActiveCfg = Debug|Any CPU
		{2836B0A2-A030-46C6-BAD4-BC62B2DB3F89}.Debug|Any CPU.Build.0 = Debug|Any CPU
		{2836B0A2-A030-46C6-BAD4-BC62B2DB3F89}.Debug|iPhone.ActiveCfg = Debug|Any CPU
		{2836B0A2-A030-46C6-BAD4-BC62B2DB3F89}.Debug|iPhone.Build.0 = Debug|Any CPU
		{2836B0A2-A030-46C6-BAD4-BC62B2DB3F89}.Debug|iPhoneSimulator.ActiveCfg = Debug|Any CPU
		{2836B0A2-A030-46C6-BAD4-BC62B2DB3F89}.Debug|iPhoneSimulator.Build.0 = Debug|Any CPU
		{2836B0A2-A030-46C6-BAD4-BC62B2DB3F89}.Release|Any CPU.ActiveCfg = Release|Any CPU
		{2836B0A2-A030-46C6-BAD4-BC62B2DB3F89}.Release|Any CPU.Build.0 = Release|Any CPU
		{2836B0A2-A030-46C6-BAD4-BC62B2DB3F89}.Release|iPhone.ActiveCfg = Release|Any CPU
		{2836B0A2-A030-46C6-BAD4-BC62B2DB3F89}.Release|iPhone.Build.0 = Release|Any CPU
		{2836B0A2-A030-46C6-BAD4-BC62B2DB3F89}.Release|iPhoneSimulator.ActiveCfg = Release|Any CPU
		{2836B0A2-A030-46C6-BAD4-BC62B2DB3F89}.Release|iPhoneSimulator.Build.0 = Release|Any CPU
		{287836CE-C833-45CF-9ABD-599D4F0E48F8}.Debug|Any CPU.ActiveCfg = Debug|Any CPU
		{287836CE-C833-45CF-9ABD-599D4F0E48F8}.Debug|Any CPU.Build.0 = Debug|Any CPU
		{287836CE-C833-45CF-9ABD-599D4F0E48F8}.Debug|iPhone.ActiveCfg = Debug|Any CPU
		{287836CE-C833-45CF-9ABD-599D4F0E48F8}.Debug|iPhone.Build.0 = Debug|Any CPU
		{287836CE-C833-45CF-9ABD-599D4F0E48F8}.Debug|iPhoneSimulator.ActiveCfg = Debug|Any CPU
		{287836CE-C833-45CF-9ABD-599D4F0E48F8}.Debug|iPhoneSimulator.Build.0 = Debug|Any CPU
		{287836CE-C833-45CF-9ABD-599D4F0E48F8}.Release|Any CPU.ActiveCfg = Release|Any CPU
		{287836CE-C833-45CF-9ABD-599D4F0E48F8}.Release|Any CPU.Build.0 = Release|Any CPU
		{287836CE-C833-45CF-9ABD-599D4F0E48F8}.Release|iPhone.ActiveCfg = Release|Any CPU
		{287836CE-C833-45CF-9ABD-599D4F0E48F8}.Release|iPhone.Build.0 = Release|Any CPU
		{287836CE-C833-45CF-9ABD-599D4F0E48F8}.Release|iPhoneSimulator.ActiveCfg = Release|Any CPU
		{287836CE-C833-45CF-9ABD-599D4F0E48F8}.Release|iPhoneSimulator.Build.0 = Release|Any CPU
		{9EE0F669-A0F7-46D8-8656-B9E3546000D3}.Debug|Any CPU.ActiveCfg = Debug|Any CPU
		{9EE0F669-A0F7-46D8-8656-B9E3546000D3}.Debug|Any CPU.Build.0 = Debug|Any CPU
		{9EE0F669-A0F7-46D8-8656-B9E3546000D3}.Debug|Any CPU.Deploy.0 = Debug|Any CPU
		{9EE0F669-A0F7-46D8-8656-B9E3546000D3}.Debug|iPhone.ActiveCfg = Debug|Any CPU
		{9EE0F669-A0F7-46D8-8656-B9E3546000D3}.Debug|iPhone.Build.0 = Debug|Any CPU
		{9EE0F669-A0F7-46D8-8656-B9E3546000D3}.Debug|iPhone.Deploy.0 = Debug|Any CPU
		{9EE0F669-A0F7-46D8-8656-B9E3546000D3}.Debug|iPhoneSimulator.ActiveCfg = Debug|Any CPU
		{9EE0F669-A0F7-46D8-8656-B9E3546000D3}.Debug|iPhoneSimulator.Build.0 = Debug|Any CPU
		{9EE0F669-A0F7-46D8-8656-B9E3546000D3}.Debug|iPhoneSimulator.Deploy.0 = Debug|Any CPU
		{9EE0F669-A0F7-46D8-8656-B9E3546000D3}.Release|Any CPU.ActiveCfg = Release|Any CPU
		{9EE0F669-A0F7-46D8-8656-B9E3546000D3}.Release|Any CPU.Build.0 = Release|Any CPU
		{9EE0F669-A0F7-46D8-8656-B9E3546000D3}.Release|Any CPU.Deploy.0 = Release|Any CPU
		{9EE0F669-A0F7-46D8-8656-B9E3546000D3}.Release|iPhone.ActiveCfg = Release|Any CPU
		{9EE0F669-A0F7-46D8-8656-B9E3546000D3}.Release|iPhone.Build.0 = Release|Any CPU
		{9EE0F669-A0F7-46D8-8656-B9E3546000D3}.Release|iPhone.Deploy.0 = Release|Any CPU
		{9EE0F669-A0F7-46D8-8656-B9E3546000D3}.Release|iPhoneSimulator.ActiveCfg = Release|Any CPU
		{9EE0F669-A0F7-46D8-8656-B9E3546000D3}.Release|iPhoneSimulator.Build.0 = Release|Any CPU
		{9EE0F669-A0F7-46D8-8656-B9E3546000D3}.Release|iPhoneSimulator.Deploy.0 = Release|Any CPU
		{55F58F11-5BAF-4FED-8543-BF072140E8C2}.Debug|Any CPU.ActiveCfg = Debug|iPhoneSimulator
		{55F58F11-5BAF-4FED-8543-BF072140E8C2}.Debug|Any CPU.Build.0 = Debug|iPhoneSimulator
		{55F58F11-5BAF-4FED-8543-BF072140E8C2}.Debug|iPhone.ActiveCfg = Debug|iPhone
		{55F58F11-5BAF-4FED-8543-BF072140E8C2}.Debug|iPhone.Build.0 = Debug|iPhone
		{55F58F11-5BAF-4FED-8543-BF072140E8C2}.Debug|iPhoneSimulator.ActiveCfg = Debug|iPhoneSimulator
		{55F58F11-5BAF-4FED-8543-BF072140E8C2}.Debug|iPhoneSimulator.Build.0 = Debug|iPhoneSimulator
		{55F58F11-5BAF-4FED-8543-BF072140E8C2}.Release|Any CPU.ActiveCfg = Release|iPhoneSimulator
		{55F58F11-5BAF-4FED-8543-BF072140E8C2}.Release|Any CPU.Build.0 = Release|iPhoneSimulator
		{55F58F11-5BAF-4FED-8543-BF072140E8C2}.Release|iPhone.ActiveCfg = Release|iPhone
		{55F58F11-5BAF-4FED-8543-BF072140E8C2}.Release|iPhone.Build.0 = Release|iPhone
		{55F58F11-5BAF-4FED-8543-BF072140E8C2}.Release|iPhoneSimulator.ActiveCfg = Release|iPhoneSimulator
		{55F58F11-5BAF-4FED-8543-BF072140E8C2}.Release|iPhoneSimulator.Build.0 = Release|iPhoneSimulator
		{AA085D82-6740-41CA-99CB-0F970CF1AA0F}.Debug|Any CPU.ActiveCfg = Debug|Any CPU
		{AA085D82-6740-41CA-99CB-0F970CF1AA0F}.Debug|Any CPU.Build.0 = Debug|Any CPU
		{AA085D82-6740-41CA-99CB-0F970CF1AA0F}.Debug|iPhone.ActiveCfg = Debug|Any CPU
		{AA085D82-6740-41CA-99CB-0F970CF1AA0F}.Debug|iPhone.Build.0 = Debug|Any CPU
		{AA085D82-6740-41CA-99CB-0F970CF1AA0F}.Debug|iPhoneSimulator.ActiveCfg = Debug|Any CPU
		{AA085D82-6740-41CA-99CB-0F970CF1AA0F}.Debug|iPhoneSimulator.Build.0 = Debug|Any CPU
		{AA085D82-6740-41CA-99CB-0F970CF1AA0F}.Release|Any CPU.ActiveCfg = Release|Any CPU
		{AA085D82-6740-41CA-99CB-0F970CF1AA0F}.Release|Any CPU.Build.0 = Release|Any CPU
		{AA085D82-6740-41CA-99CB-0F970CF1AA0F}.Release|iPhone.ActiveCfg = Release|Any CPU
		{AA085D82-6740-41CA-99CB-0F970CF1AA0F}.Release|iPhone.Build.0 = Release|Any CPU
		{AA085D82-6740-41CA-99CB-0F970CF1AA0F}.Release|iPhoneSimulator.ActiveCfg = Release|Any CPU
		{AA085D82-6740-41CA-99CB-0F970CF1AA0F}.Release|iPhoneSimulator.Build.0 = Release|Any CPU
		{A97F4725-305D-46D3-8827-159E880DF3AC}.Debug|Any CPU.ActiveCfg = Debug|Any CPU
		{A97F4725-305D-46D3-8827-159E880DF3AC}.Debug|Any CPU.Build.0 = Debug|Any CPU
		{A97F4725-305D-46D3-8827-159E880DF3AC}.Debug|iPhone.ActiveCfg = Debug|Any CPU
		{A97F4725-305D-46D3-8827-159E880DF3AC}.Debug|iPhone.Build.0 = Debug|Any CPU
		{A97F4725-305D-46D3-8827-159E880DF3AC}.Debug|iPhoneSimulator.ActiveCfg = Debug|Any CPU
		{A97F4725-305D-46D3-8827-159E880DF3AC}.Debug|iPhoneSimulator.Build.0 = Debug|Any CPU
		{A97F4725-305D-46D3-8827-159E880DF3AC}.Release|Any CPU.ActiveCfg = Release|Any CPU
		{A97F4725-305D-46D3-8827-159E880DF3AC}.Release|Any CPU.Build.0 = Release|Any CPU
		{A97F4725-305D-46D3-8827-159E880DF3AC}.Release|iPhone.ActiveCfg = Release|Any CPU
		{A97F4725-305D-46D3-8827-159E880DF3AC}.Release|iPhone.Build.0 = Release|Any CPU
		{A97F4725-305D-46D3-8827-159E880DF3AC}.Release|iPhoneSimulator.ActiveCfg = Release|Any CPU
		{A97F4725-305D-46D3-8827-159E880DF3AC}.Release|iPhoneSimulator.Build.0 = Release|Any CPU
		{93F0AB26-8C3A-44F1-8799-DBC70386ED2F}.Debug|Any CPU.ActiveCfg = Debug|Any CPU
		{93F0AB26-8C3A-44F1-8799-DBC70386ED2F}.Debug|Any CPU.Build.0 = Debug|Any CPU
		{93F0AB26-8C3A-44F1-8799-DBC70386ED2F}.Debug|iPhone.ActiveCfg = Debug|Any CPU
		{93F0AB26-8C3A-44F1-8799-DBC70386ED2F}.Debug|iPhone.Build.0 = Debug|Any CPU
		{93F0AB26-8C3A-44F1-8799-DBC70386ED2F}.Debug|iPhoneSimulator.ActiveCfg = Debug|Any CPU
		{93F0AB26-8C3A-44F1-8799-DBC70386ED2F}.Debug|iPhoneSimulator.Build.0 = Debug|Any CPU
		{93F0AB26-8C3A-44F1-8799-DBC70386ED2F}.Release|Any CPU.ActiveCfg = Release|Any CPU
		{93F0AB26-8C3A-44F1-8799-DBC70386ED2F}.Release|Any CPU.Build.0 = Release|Any CPU
		{93F0AB26-8C3A-44F1-8799-DBC70386ED2F}.Release|iPhone.ActiveCfg = Release|Any CPU
		{93F0AB26-8C3A-44F1-8799-DBC70386ED2F}.Release|iPhone.Build.0 = Release|Any CPU
		{93F0AB26-8C3A-44F1-8799-DBC70386ED2F}.Release|iPhoneSimulator.ActiveCfg = Release|Any CPU
		{93F0AB26-8C3A-44F1-8799-DBC70386ED2F}.Release|iPhoneSimulator.Build.0 = Release|Any CPU
		{0822A62F-64D9-4DC1-913F-8CED04E9F6D6}.Debug|Any CPU.ActiveCfg = Debug|Any CPU
		{0822A62F-64D9-4DC1-913F-8CED04E9F6D6}.Debug|Any CPU.Build.0 = Debug|Any CPU
		{0822A62F-64D9-4DC1-913F-8CED04E9F6D6}.Debug|iPhone.ActiveCfg = Debug|Any CPU
		{0822A62F-64D9-4DC1-913F-8CED04E9F6D6}.Debug|iPhone.Build.0 = Debug|Any CPU
		{0822A62F-64D9-4DC1-913F-8CED04E9F6D6}.Debug|iPhoneSimulator.ActiveCfg = Debug|Any CPU
		{0822A62F-64D9-4DC1-913F-8CED04E9F6D6}.Debug|iPhoneSimulator.Build.0 = Debug|Any CPU
		{0822A62F-64D9-4DC1-913F-8CED04E9F6D6}.Release|Any CPU.ActiveCfg = Release|Any CPU
		{0822A62F-64D9-4DC1-913F-8CED04E9F6D6}.Release|Any CPU.Build.0 = Release|Any CPU
		{0822A62F-64D9-4DC1-913F-8CED04E9F6D6}.Release|iPhone.ActiveCfg = Release|Any CPU
		{0822A62F-64D9-4DC1-913F-8CED04E9F6D6}.Release|iPhone.Build.0 = Release|Any CPU
		{0822A62F-64D9-4DC1-913F-8CED04E9F6D6}.Release|iPhoneSimulator.ActiveCfg = Release|Any CPU
		{0822A62F-64D9-4DC1-913F-8CED04E9F6D6}.Release|iPhoneSimulator.Build.0 = Release|Any CPU
	EndGlobalSection
	GlobalSection(SolutionProperties) = preSolution
		HideSolutionNode = FALSE
	EndGlobalSection
	GlobalSection(NestedProjects) = preSolution
		{228057E8-192D-4CB0-A920-8925F095008B} = {6F97C519-7DE1-47CB-9895-2F30C15C2803}
		{2F1D8DE3-4883-4704-8E9D-A21A37895C3C} = {6F97C519-7DE1-47CB-9895-2F30C15C2803}
		{B0C4B4DB-29BB-4009-BB63-4F94C6035EF7} = {6F97C519-7DE1-47CB-9895-2F30C15C2803}
		{2836B0A2-A030-46C6-BAD4-BC62B2DB3F89} = {F58F8CE9-144A-44EE-83AA-A6BFDDB20707}
		{287836CE-C833-45CF-9ABD-599D4F0E48F8} = {228057E8-192D-4CB0-A920-8925F095008B}
		{9EE0F669-A0F7-46D8-8656-B9E3546000D3} = {2F1D8DE3-4883-4704-8E9D-A21A37895C3C}
		{55F58F11-5BAF-4FED-8543-BF072140E8C2} = {2F1D8DE3-4883-4704-8E9D-A21A37895C3C}
		{AA085D82-6740-41CA-99CB-0F970CF1AA0F} = {2F1D8DE3-4883-4704-8E9D-A21A37895C3C}
		{A97F4725-305D-46D3-8827-159E880DF3AC} = {B0C4B4DB-29BB-4009-BB63-4F94C6035EF7}
		{93F0AB26-8C3A-44F1-8799-DBC70386ED2F} = {B0C4B4DB-29BB-4009-BB63-4F94C6035EF7}
		{0822A62F-64D9-4DC1-913F-8CED04E9F6D6} = {61877280-3379-4EA5-BEB4-DFE701F681CA}
	EndGlobalSection
	GlobalSection(ExtensibilityGlobals) = postSolution
		SolutionGuid = {C4534622-20FB-4273-9041-580D6B374DC6}
	EndGlobalSection
EndGlobal
